{
  "pins" : [
    {
      "identity" : "swift-log",
      "kind" : "remoteSourceControl",
      "location" : "https://github.com/apple/swift-log.git",
      "state" : {
        "revision" : "96a2f8a0fa41e9e09af4585e2724c4e825410b91",
        "version" : "1.6.2"
      }
    },
    {
      "identity" : "swifter",
      "kind" : "remoteSourceControl",
      "location" : "https://github.com/sfomuseum/swifter.git",
      "state" : {
        "branch" : "main",
        "revision" : "a2cf785de839f3d539d0b64b7db0d81d6cbb8b43"
      }
    }
  ],
  "version" : 2
}
